
Microsoft Visual Studio Solution File, Format Version 12.00
# Visual Studio Version 16
VisualStudioVersion = 16.0.31019.35
MinimumVisualStudioVersion = 10.0.40219.1
Project("{FAE04EC0-301F-11D3-BF4B-00C04F79EFBC}") = "invoice", "invoice\invoice.csproj", "{CE8B2666-2A33-4AB5-B755-0F488A1481EF}"
EndProject
Global
	GlobalSection(SolutionConfigurationPlatforms) = preSolution
		Debug|Any CPU = Debug|Any CPU
		Release|Any CPU = Release|Any CPU
	EndGlobalSection
	GlobalSection(ProjectConfigurationPlatforms) = postSolution
		{CE8B2666-2A33-4AB5-B755-0F488A1481EF}.Debug|Any CPU.ActiveCfg = Debug|Any CPU
		{CE8B2666-2A33-4AB5-B755-0F488A1481EF}.Debug|Any CPU.Build.0 = Debug|Any CPU
		{CE8B2666-2A33-4AB5-B755-0F488A1481EF}.Release|Any CPU.ActiveCfg = Release|Any CPU
		{CE8B2666-2A33-4AB5-B755-0F488A1481EF}.Release|Any CPU.Build.0 = Release|Any CPU
	EndGlobalSection
	GlobalSection(SolutionProperties) = preSolution
		HideSolutionNode = FALSE
	EndGlobalSection
	GlobalSection(ExtensibilityGlobals) = postSolution
		SolutionGuid = {3C7AAA45-9FB1-493D-BFE5-EED2BA143489}
	EndGlobalSection
EndGlobal
